
Microsoft Visual Studio Solution File, Format Version 12.00
# Visual Studio Version 17
VisualStudioVersion = 17.2.32630.192
MinimumVisualStudioVersion = 10.0.40219.1
Project("{FAE04EC0-301F-11D3-BF4B-00C04F79EFBC}") = "Cards.API", "Cards.API\Cards.API.csproj", "{DAD6AFDC-5EAF-440F-88CB-29211AF5F33B}"
EndProject
Global
	GlobalSection(SolutionConfigurationPlatforms) = preSolution
		Debug|Any CPU = Debug|Any CPU
		Release|Any CPU = Release|Any CPU
	EndGlobalSection
	GlobalSection(ProjectConfigurationPlatforms) = postSolution
		{DAD6AFDC-5EAF-440F-88CB-29211AF5F33B}.Debug|Any CPU.ActiveCfg = Debug|Any CPU
		{DAD6AFDC-5EAF-440F-88CB-29211AF5F33B}.Debug|Any CPU.Build.0 = Debug|Any CPU
		{DAD6AFDC-5EAF-440F-88CB-29211AF5F33B}.Release|Any CPU.ActiveCfg = Release|Any CPU
		{DAD6AFDC-5EAF-440F-88CB-29211AF5F33B}.Release|Any CPU.Build.0 = Release|Any CPU
	EndGlobalSection
	GlobalSection(SolutionProperties) = preSolution
		HideSolutionNode = FALSE
	EndGlobalSection
	GlobalSection(ExtensibilityGlobals) = postSolution
		SolutionGuid = {EE56881C-1639-4359-BA0A-499082F70CCF}
	EndGlobalSection
EndGlobal
